
Microsoft Visual Studio Solution File, Format Version 12.00
# Visual Studio Version 17
VisualStudioVersion = 17.0.31919.166
MinimumVisualStudioVersion = 10.0.40219.1
Project("{FAE04EC0-301F-11D3-BF4B-00C04F79EFBC}") = "assesment te reo quiz", "assesment te reo quiz\assesment te reo quiz.csproj", "{09DE4768-E576-4532-8806-EB732304A8D8}"
EndProject
Global
	GlobalSection(SolutionConfigurationPlatforms) = preSolution
		Debug|Any CPU = Debug|Any CPU
		Release|Any CPU = Release|Any CPU
	EndGlobalSection
	GlobalSection(ProjectConfigurationPlatforms) = postSolution
		{09DE4768-E576-4532-8806-EB732304A8D8}.Debug|Any CPU.ActiveCfg = Debug|Any CPU
		{09DE4768-E576-4532-8806-EB732304A8D8}.Debug|Any CPU.Build.0 = Debug|Any CPU
		{09DE4768-E576-4532-8806-EB732304A8D8}.Release|Any CPU.ActiveCfg = Release|Any CPU
		{09DE4768-E576-4532-8806-EB732304A8D8}.Release|Any CPU.Build.0 = Release|Any CPU
	EndGlobalSection
	GlobalSection(SolutionProperties) = preSolution
		HideSolutionNode = FALSE
	EndGlobalSection
	GlobalSection(ExtensibilityGlobals) = postSolution
		SolutionGuid = {1F781C7F-08F4-4574-9A13-3A4AEBA53BE7}
	EndGlobalSection
EndGlobal
